
Microsoft Visual Studio Solution File, Format Version 12.00
# Visual Studio Version 17
VisualStudioVersion = 17.8.34330.188
MinimumVisualStudioVersion = 10.0.40219.1
Project("{FAE04EC0-301F-11D3-BF4B-00C04F79EFBC}") = "RecentlyVisitedSites", "RecentlyVisitedSites\RecentlyVisitedSites.csproj", "{71918486-89C6-4894-A87A-9044A4C047C3}"
EndProject
Global
	GlobalSection(SolutionConfigurationPlatforms) = preSolution
		Debug|Any CPU = Debug|Any CPU
		Release|Any CPU = Release|Any CPU
	EndGlobalSection
	GlobalSection(ProjectConfigurationPlatforms) = postSolution
		{71918486-89C6-4894-A87A-9044A4C047C3}.Debug|Any CPU.ActiveCfg = Debug|Any CPU
		{71918486-89C6-4894-A87A-9044A4C047C3}.Debug|Any CPU.Build.0 = Debug|Any CPU
		{71918486-89C6-4894-A87A-9044A4C047C3}.Release|Any CPU.ActiveCfg = Release|Any CPU
		{71918486-89C6-4894-A87A-9044A4C047C3}.Release|Any CPU.Build.0 = Release|Any CPU
	EndGlobalSection
	GlobalSection(SolutionProperties) = preSolution
		HideSolutionNode = FALSE
	EndGlobalSection
	GlobalSection(ExtensibilityGlobals) = postSolution
		SolutionGuid = {51613A04-3530-49E3-BB8E-AB6FB9886137}
	EndGlobalSection
EndGlobal
