
Microsoft Visual Studio Solution File, Format Version 12.00
# Visual Studio Version 17
VisualStudioVersion = 17.5.002.0
MinimumVisualStudioVersion = 10.0.40219.1
Project("{9A19103F-16F7-4668-BE54-9A1E7A4F7556}") = "FileComparison", "FileComparison.csproj", "{1FFA60E7-52DA-4753-9388-ABCBD0970B07}"
EndProject
Global
	GlobalSection(SolutionConfigurationPlatforms) = preSolution
		Debug|Any CPU = Debug|Any CPU
		Release|Any CPU = Release|Any CPU
	EndGlobalSection
	GlobalSection(ProjectConfigurationPlatforms) = postSolution
		{1FFA60E7-52DA-4753-9388-ABCBD0970B07}.Debug|Any CPU.ActiveCfg = Debug|Any CPU
		{1FFA60E7-52DA-4753-9388-ABCBD0970B07}.Debug|Any CPU.Build.0 = Debug|Any CPU
		{1FFA60E7-52DA-4753-9388-ABCBD0970B07}.Release|Any CPU.ActiveCfg = Release|Any CPU
		{1FFA60E7-52DA-4753-9388-ABCBD0970B07}.Release|Any CPU.Build.0 = Release|Any CPU
	EndGlobalSection
	GlobalSection(SolutionProperties) = preSolution
		HideSolutionNode = FALSE
	EndGlobalSection
	GlobalSection(ExtensibilityGlobals) = postSolution
		SolutionGuid = {FA404107-E135-46A9-9A84-B2AFC35D992B}
	EndGlobalSection
EndGlobal
