
Microsoft Visual Studio Solution File, Format Version 12.00
# Visual Studio Version 17
VisualStudioVersion = 17.8.34330.188
MinimumVisualStudioVersion = 10.0.40219.1
Project("{FAE04EC0-301F-11D3-BF4B-00C04F79EFBC}") = "FiveColors", "FiveColors\FiveColors.csproj", "{3CE5A9AE-FA50-450A-B6DC-C67B34CF8FBB}"
EndProject
Global
	GlobalSection(SolutionConfigurationPlatforms) = preSolution
		Debug|Any CPU = Debug|Any CPU
		Release|Any CPU = Release|Any CPU
	EndGlobalSection
	GlobalSection(ProjectConfigurationPlatforms) = postSolution
		{3CE5A9AE-FA50-450A-B6DC-C67B34CF8FBB}.Debug|Any CPU.ActiveCfg = Debug|Any CPU
		{3CE5A9AE-FA50-450A-B6DC-C67B34CF8FBB}.Debug|Any CPU.Build.0 = Debug|Any CPU
		{3CE5A9AE-FA50-450A-B6DC-C67B34CF8FBB}.Release|Any CPU.ActiveCfg = Release|Any CPU
		{3CE5A9AE-FA50-450A-B6DC-C67B34CF8FBB}.Release|Any CPU.Build.0 = Release|Any CPU
	EndGlobalSection
	GlobalSection(SolutionProperties) = preSolution
		HideSolutionNode = FALSE
	EndGlobalSection
	GlobalSection(ExtensibilityGlobals) = postSolution
		SolutionGuid = {F01E7FFD-8298-4A04-B6F5-204A2F087059}
	EndGlobalSection
EndGlobal
