
Microsoft Visual Studio Solution File, Format Version 12.00
# Visual Studio Version 17
VisualStudioVersion = 17.5.002.0
MinimumVisualStudioVersion = 10.0.40219.1
Project("{9A19103F-16F7-4668-BE54-9A1E7A4F7556}") = "BookExceptionDemo", "BookExceptionDemo.csproj", "{0FC8DC1E-5662-456E-9297-884CE3585FFF}"
EndProject
Global
	GlobalSection(SolutionConfigurationPlatforms) = preSolution
		Debug|Any CPU = Debug|Any CPU
		Release|Any CPU = Release|Any CPU
	EndGlobalSection
	GlobalSection(ProjectConfigurationPlatforms) = postSolution
		{0FC8DC1E-5662-456E-9297-884CE3585FFF}.Debug|Any CPU.ActiveCfg = Debug|Any CPU
		{0FC8DC1E-5662-456E-9297-884CE3585FFF}.Debug|Any CPU.Build.0 = Debug|Any CPU
		{0FC8DC1E-5662-456E-9297-884CE3585FFF}.Release|Any CPU.ActiveCfg = Release|Any CPU
		{0FC8DC1E-5662-456E-9297-884CE3585FFF}.Release|Any CPU.Build.0 = Release|Any CPU
	EndGlobalSection
	GlobalSection(SolutionProperties) = preSolution
		HideSolutionNode = FALSE
	EndGlobalSection
	GlobalSection(ExtensibilityGlobals) = postSolution
		SolutionGuid = {A6D56395-37BD-4769-A240-86A05F7F6430}
	EndGlobalSection
EndGlobal
