
Microsoft Visual Studio Solution File, Format Version 12.00
# Visual Studio Version 17
VisualStudioVersion = 17.8.34330.188
MinimumVisualStudioVersion = 10.0.40219.1
Project("{FAE04EC0-301F-11D3-BF4B-00C04F79EFBC}") = "PickLarger", "PickLarger\PickLarger.csproj", "{7732BD4C-F388-45A6-8AF5-985AF884B1D5}"
EndProject
Global
	GlobalSection(SolutionConfigurationPlatforms) = preSolution
		Debug|Any CPU = Debug|Any CPU
		Release|Any CPU = Release|Any CPU
	EndGlobalSection
	GlobalSection(ProjectConfigurationPlatforms) = postSolution
		{7732BD4C-F388-45A6-8AF5-985AF884B1D5}.Debug|Any CPU.ActiveCfg = Debug|Any CPU
		{7732BD4C-F388-45A6-8AF5-985AF884B1D5}.Debug|Any CPU.Build.0 = Debug|Any CPU
		{7732BD4C-F388-45A6-8AF5-985AF884B1D5}.Release|Any CPU.ActiveCfg = Release|Any CPU
		{7732BD4C-F388-45A6-8AF5-985AF884B1D5}.Release|Any CPU.Build.0 = Release|Any CPU
	EndGlobalSection
	GlobalSection(SolutionProperties) = preSolution
		HideSolutionNode = FALSE
	EndGlobalSection
	GlobalSection(ExtensibilityGlobals) = postSolution
		SolutionGuid = {6D209CBF-3924-4E30-A7F8-34818B9AF1A0}
	EndGlobalSection
EndGlobal
