
Microsoft Visual Studio Solution File, Format Version 12.00
# Visual Studio Version 17
VisualStudioVersion = 17.5.002.0
MinimumVisualStudioVersion = 10.0.40219.1
Project("{9A19103F-16F7-4668-BE54-9A1E7A4F7556}") = "FindPatientRecords", "FindPatientRecords.csproj", "{D62F3CCE-2931-4088-B2B4-000F5C088BC0}"
EndProject
Global
	GlobalSection(SolutionConfigurationPlatforms) = preSolution
		Debug|Any CPU = Debug|Any CPU
		Release|Any CPU = Release|Any CPU
	EndGlobalSection
	GlobalSection(ProjectConfigurationPlatforms) = postSolution
		{D62F3CCE-2931-4088-B2B4-000F5C088BC0}.Debug|Any CPU.ActiveCfg = Debug|Any CPU
		{D62F3CCE-2931-4088-B2B4-000F5C088BC0}.Debug|Any CPU.Build.0 = Debug|Any CPU
		{D62F3CCE-2931-4088-B2B4-000F5C088BC0}.Release|Any CPU.ActiveCfg = Release|Any CPU
		{D62F3CCE-2931-4088-B2B4-000F5C088BC0}.Release|Any CPU.Build.0 = Release|Any CPU
	EndGlobalSection
	GlobalSection(SolutionProperties) = preSolution
		HideSolutionNode = FALSE
	EndGlobalSection
	GlobalSection(ExtensibilityGlobals) = postSolution
		SolutionGuid = {32D785CA-AD04-49E2-9DE0-41FACDA8D451}
	EndGlobalSection
EndGlobal
