
Microsoft Visual Studio Solution File, Format Version 12.00
Project("{FAE04EC0-301F-11D3-BF4B-00C04F79EFBC}") = "ShapesDemo", "ShapesDemo\ShapesDemo.csproj", "{159762A4-6ADE-4CD3-81FA-951050CDA3B3}"
EndProject
Global
	GlobalSection(SolutionConfigurationPlatforms) = preSolution
		Debug|Any CPU = Debug|Any CPU
		Release|Any CPU = Release|Any CPU
	EndGlobalSection
	GlobalSection(ProjectConfigurationPlatforms) = postSolution
		{159762A4-6ADE-4CD3-81FA-951050CDA3B3}.Debug|Any CPU.ActiveCfg = Debug|Any CPU
		{159762A4-6ADE-4CD3-81FA-951050CDA3B3}.Debug|Any CPU.Build.0 = Debug|Any CPU
		{159762A4-6ADE-4CD3-81FA-951050CDA3B3}.Release|Any CPU.ActiveCfg = Release|Any CPU
		{159762A4-6ADE-4CD3-81FA-951050CDA3B3}.Release|Any CPU.Build.0 = Release|Any CPU
	EndGlobalSection
EndGlobal
