
Microsoft Visual Studio Solution File, Format Version 12.00
# Visual Studio Version 17
VisualStudioVersion = 17.8.34330.188
MinimumVisualStudioVersion = 10.0.40219.1
Project("{FAE04EC0-301F-11D3-BF4B-00C04F79EFBC}") = "TinasCustomTees", "TinasCustomTees\TinasCustomTees.csproj", "{722266A2-EC6F-4DDB-B5EB-30B5869730EE}"
EndProject
Global
	GlobalSection(SolutionConfigurationPlatforms) = preSolution
		Debug|Any CPU = Debug|Any CPU
		Release|Any CPU = Release|Any CPU
	EndGlobalSection
	GlobalSection(ProjectConfigurationPlatforms) = postSolution
		{722266A2-EC6F-4DDB-B5EB-30B5869730EE}.Debug|Any CPU.ActiveCfg = Debug|Any CPU
		{722266A2-EC6F-4DDB-B5EB-30B5869730EE}.Debug|Any CPU.Build.0 = Debug|Any CPU
		{722266A2-EC6F-4DDB-B5EB-30B5869730EE}.Release|Any CPU.ActiveCfg = Release|Any CPU
		{722266A2-EC6F-4DDB-B5EB-30B5869730EE}.Release|Any CPU.Build.0 = Release|Any CPU
	EndGlobalSection
	GlobalSection(SolutionProperties) = preSolution
		HideSolutionNode = FALSE
	EndGlobalSection
	GlobalSection(ExtensibilityGlobals) = postSolution
		SolutionGuid = {F5771A61-5392-4FF3-97F1-60DB0A0DCE6A}
	EndGlobalSection
EndGlobal
